
Microsoft Visual Studio Solution File, Format Version 12.00
# Visual Studio Version 17
VisualStudioVersion = 17.0.31825.309
MinimumVisualStudioVersion = 10.0.40219.1
Project("{FAE04EC0-301F-11D3-BF4B-00C04F79EFBC}") = "EulerProject", "EulerProject\EulerProject.csproj", "{A8ABA354-8A79-43E8-A8D1-FDF508307C3A}"
EndProject
Project("{FAE04EC0-301F-11D3-BF4B-00C04F79EFBC}") = "EulerProject.Tests", "EulerProject.Tests\EulerProject.Tests.csproj", "{C1908EE0-3529-4144-81CE-9DA33AF8BA2F}"
EndProject
Global
	GlobalSection(SolutionConfigurationPlatforms) = preSolution
		Debug|Any CPU = Debug|Any CPU
		Release|Any CPU = Release|Any CPU
	EndGlobalSection
	GlobalSection(ProjectConfigurationPlatforms) = postSolution
		{A8ABA354-8A79-43E8-A8D1-FDF508307C3A}.Debug|Any CPU.ActiveCfg = Debug|Any CPU
		{A8ABA354-8A79-43E8-A8D1-FDF508307C3A}.Debug|Any CPU.Build.0 = Debug|Any CPU
		{A8ABA354-8A79-43E8-A8D1-FDF508307C3A}.Release|Any CPU.ActiveCfg = Release|Any CPU
		{A8ABA354-8A79-43E8-A8D1-FDF508307C3A}.Release|Any CPU.Build.0 = Release|Any CPU
		{C1908EE0-3529-4144-81CE-9DA33AF8BA2F}.Debug|Any CPU.ActiveCfg = Debug|Any CPU
		{C1908EE0-3529-4144-81CE-9DA33AF8BA2F}.Debug|Any CPU.Build.0 = Debug|Any CPU
		{C1908EE0-3529-4144-81CE-9DA33AF8BA2F}.Release|Any CPU.ActiveCfg = Release|Any CPU
		{C1908EE0-3529-4144-81CE-9DA33AF8BA2F}.Release|Any CPU.Build.0 = Release|Any CPU
	EndGlobalSection
	GlobalSection(SolutionProperties) = preSolution
		HideSolutionNode = FALSE
	EndGlobalSection
	GlobalSection(ExtensibilityGlobals) = postSolution
		SolutionGuid = {76976CB9-2422-465D-B85B-FF02C54BA2B2}
	EndGlobalSection
EndGlobal
